
Microsoft Visual Studio Solution File, Format Version 12.00
# Visual Studio 15
VisualStudioVersion = 15.0.28307.329
MinimumVisualStudioVersion = 10.0.40219.1
Project("{9A19103F-16F7-4668-BE54-9A1E7A4F7556}") = "SshDemo", "SshDemo.csproj", "{158EA10A-6480-4938-B218-AAB4347AF812}"
EndProject
Global
	GlobalSection(SolutionConfigurationPlatforms) = preSolution
		Debug|Any CPU = Debug|Any CPU
		Release|Any CPU = Release|Any CPU
	EndGlobalSection
	GlobalSection(ProjectConfigurationPlatforms) = postSolution
		{158EA10A-6480-4938-B218-AAB4347AF812}.Debug|Any CPU.ActiveCfg = Debug|Any CPU
		{158EA10A-6480-4938-B218-AAB4347AF812}.Debug|Any CPU.Build.0 = Debug|Any CPU
		{158EA10A-6480-4938-B218-AAB4347AF812}.Release|Any CPU.ActiveCfg = Release|Any CPU
		{158EA10A-6480-4938-B218-AAB4347AF812}.Release|Any CPU.Build.0 = Release|Any CPU
	EndGlobalSection
	GlobalSection(SolutionProperties) = preSolution
		HideSolutionNode = FALSE
	EndGlobalSection
	GlobalSection(ExtensibilityGlobals) = postSolution
		SolutionGuid = {A63D7C14-77D7-4B17-B8EF-2105AD7B2419}
	EndGlobalSection
EndGlobal
