
Microsoft Visual Studio Solution File, Format Version 12.00
# Visual Studio 15
VisualStudioVersion = 15.0.28307.329
MinimumVisualStudioVersion = 10.0.40219.1
Project("{9A19103F-16F7-4668-BE54-9A1E7A4F7556}") = "SampleUdpServer", "SampleUdpServer.csproj", "{07EE65AB-DD21-41E7-8AA2-3F819FCAD445}"
EndProject
Global
	GlobalSection(SolutionConfigurationPlatforms) = preSolution
		Debug|Any CPU = Debug|Any CPU
		Release|Any CPU = Release|Any CPU
	EndGlobalSection
	GlobalSection(ProjectConfigurationPlatforms) = postSolution
		{07EE65AB-DD21-41E7-8AA2-3F819FCAD445}.Debug|Any CPU.ActiveCfg = Debug|Any CPU
		{07EE65AB-DD21-41E7-8AA2-3F819FCAD445}.Debug|Any CPU.Build.0 = Debug|Any CPU
		{07EE65AB-DD21-41E7-8AA2-3F819FCAD445}.Release|Any CPU.ActiveCfg = Release|Any CPU
		{07EE65AB-DD21-41E7-8AA2-3F819FCAD445}.Release|Any CPU.Build.0 = Release|Any CPU
	EndGlobalSection
	GlobalSection(SolutionProperties) = preSolution
		HideSolutionNode = FALSE
	EndGlobalSection
	GlobalSection(ExtensibilityGlobals) = postSolution
		SolutionGuid = {C86B51AF-A073-430B-997F-C0B9F907D61E}
	EndGlobalSection
EndGlobal
