
Microsoft Visual Studio Solution File, Format Version 12.00
# Visual Studio 15
VisualStudioVersion = 15.0.28010.2048
MinimumVisualStudioVersion = 10.0.40219.1
Project("{9A19103F-16F7-4668-BE54-9A1E7A4F7556}") = "FitnessApp", "FitnessApp.csproj", "{10AC53F8-4A2A-4A1B-A42A-661866112344}"
EndProject
Global
	GlobalSection(SolutionConfigurationPlatforms) = preSolution
		Debug|Any CPU = Debug|Any CPU
		Release|Any CPU = Release|Any CPU
	EndGlobalSection
	GlobalSection(ProjectConfigurationPlatforms) = postSolution
		{10AC53F8-4A2A-4A1B-A42A-661866112344}.Debug|Any CPU.ActiveCfg = Debug|Any CPU
		{10AC53F8-4A2A-4A1B-A42A-661866112344}.Debug|Any CPU.Build.0 = Debug|Any CPU
		{10AC53F8-4A2A-4A1B-A42A-661866112344}.Release|Any CPU.ActiveCfg = Release|Any CPU
		{10AC53F8-4A2A-4A1B-A42A-661866112344}.Release|Any CPU.Build.0 = Release|Any CPU
	EndGlobalSection
	GlobalSection(SolutionProperties) = preSolution
		HideSolutionNode = FALSE
	EndGlobalSection
	GlobalSection(ExtensibilityGlobals) = postSolution
		SolutionGuid = {927045FB-D2EB-4ABB-A4D8-83093424C20F}
	EndGlobalSection
EndGlobal
