
Microsoft Visual Studio Solution File, Format Version 12.00
# Visual Studio 15
VisualStudioVersion = 15.0.28307.329
MinimumVisualStudioVersion = 10.0.40219.1
Project("{9A19103F-16F7-4668-BE54-9A1E7A4F7556}") = "SampleUdpClient", "SampleUdpClient.csproj", "{00C0F20C-C673-4DB5-BEBE-4AF0D750C783}"
EndProject
Global
	GlobalSection(SolutionConfigurationPlatforms) = preSolution
		Debug|Any CPU = Debug|Any CPU
		Release|Any CPU = Release|Any CPU
	EndGlobalSection
	GlobalSection(ProjectConfigurationPlatforms) = postSolution
		{00C0F20C-C673-4DB5-BEBE-4AF0D750C783}.Debug|Any CPU.ActiveCfg = Debug|Any CPU
		{00C0F20C-C673-4DB5-BEBE-4AF0D750C783}.Debug|Any CPU.Build.0 = Debug|Any CPU
		{00C0F20C-C673-4DB5-BEBE-4AF0D750C783}.Release|Any CPU.ActiveCfg = Release|Any CPU
		{00C0F20C-C673-4DB5-BEBE-4AF0D750C783}.Release|Any CPU.Build.0 = Release|Any CPU
	EndGlobalSection
	GlobalSection(SolutionProperties) = preSolution
		HideSolutionNode = FALSE
	EndGlobalSection
	GlobalSection(ExtensibilityGlobals) = postSolution
		SolutionGuid = {E0077B4A-8398-46F2-8893-5BD8979A993A}
	EndGlobalSection
EndGlobal
