
Microsoft Visual Studio Solution File, Format Version 12.00
# Visual Studio 15
VisualStudioVersion = 15.0.28307.329
MinimumVisualStudioVersion = 10.0.40219.1
Project("{9A19103F-16F7-4668-BE54-9A1E7A4F7556}") = "DNSSimulation", "DNSSimulation.csproj", "{47F82F87-8C2A-4212-BE45-42A222791E36}"
EndProject
Global
	GlobalSection(SolutionConfigurationPlatforms) = preSolution
		Debug|Any CPU = Debug|Any CPU
		Release|Any CPU = Release|Any CPU
	EndGlobalSection
	GlobalSection(ProjectConfigurationPlatforms) = postSolution
		{47F82F87-8C2A-4212-BE45-42A222791E36}.Debug|Any CPU.ActiveCfg = Debug|Any CPU
		{47F82F87-8C2A-4212-BE45-42A222791E36}.Debug|Any CPU.Build.0 = Debug|Any CPU
		{47F82F87-8C2A-4212-BE45-42A222791E36}.Release|Any CPU.ActiveCfg = Release|Any CPU
		{47F82F87-8C2A-4212-BE45-42A222791E36}.Release|Any CPU.Build.0 = Release|Any CPU
	EndGlobalSection
	GlobalSection(SolutionProperties) = preSolution
		HideSolutionNode = FALSE
	EndGlobalSection
	GlobalSection(ExtensibilityGlobals) = postSolution
		SolutionGuid = {DEBB7FB1-FB17-4D1F-A928-B712B60B6EB4}
	EndGlobalSection
EndGlobal
