
Microsoft Visual Studio Solution File, Format Version 12.00
# Visual Studio 15
VisualStudioVersion = 15.0.28307.329
MinimumVisualStudioVersion = 10.0.40219.1
Project("{9A19103F-16F7-4668-BE54-9A1E7A4F7556}") = "DataSimulation", "DataSimulation.csproj", "{0B336309-076D-47BF-A4A7-06EDE8191266}"
EndProject
Global
	GlobalSection(SolutionConfigurationPlatforms) = preSolution
		Debug|Any CPU = Debug|Any CPU
		Release|Any CPU = Release|Any CPU
	EndGlobalSection
	GlobalSection(ProjectConfigurationPlatforms) = postSolution
		{0B336309-076D-47BF-A4A7-06EDE8191266}.Debug|Any CPU.ActiveCfg = Debug|Any CPU
		{0B336309-076D-47BF-A4A7-06EDE8191266}.Debug|Any CPU.Build.0 = Debug|Any CPU
		{0B336309-076D-47BF-A4A7-06EDE8191266}.Release|Any CPU.ActiveCfg = Release|Any CPU
		{0B336309-076D-47BF-A4A7-06EDE8191266}.Release|Any CPU.Build.0 = Release|Any CPU
	EndGlobalSection
	GlobalSection(SolutionProperties) = preSolution
		HideSolutionNode = FALSE
	EndGlobalSection
	GlobalSection(ExtensibilityGlobals) = postSolution
		SolutionGuid = {35F694E8-126B-4A22-AA74-13BFCD8E6A51}
	EndGlobalSection
EndGlobal
