
Microsoft Visual Studio Solution File, Format Version 12.00
# Visual Studio 15
VisualStudioVersion = 15.0.28307.329
MinimumVisualStudioVersion = 10.0.40219.1
Project("{9A19103F-16F7-4668-BE54-9A1E7A4F7556}") = "WatchdogDemo", "WatchdogDemo.csproj", "{E8E80AFC-251D-491F-A949-137EC341F7F7}"
EndProject
Global
	GlobalSection(SolutionConfigurationPlatforms) = preSolution
		Debug|Any CPU = Debug|Any CPU
		Release|Any CPU = Release|Any CPU
	EndGlobalSection
	GlobalSection(ProjectConfigurationPlatforms) = postSolution
		{E8E80AFC-251D-491F-A949-137EC341F7F7}.Debug|Any CPU.ActiveCfg = Debug|Any CPU
		{E8E80AFC-251D-491F-A949-137EC341F7F7}.Debug|Any CPU.Build.0 = Debug|Any CPU
		{E8E80AFC-251D-491F-A949-137EC341F7F7}.Release|Any CPU.ActiveCfg = Release|Any CPU
		{E8E80AFC-251D-491F-A949-137EC341F7F7}.Release|Any CPU.Build.0 = Release|Any CPU
	EndGlobalSection
	GlobalSection(SolutionProperties) = preSolution
		HideSolutionNode = FALSE
	EndGlobalSection
	GlobalSection(ExtensibilityGlobals) = postSolution
		SolutionGuid = {8B9948C3-3AC2-449E-A479-4A66FBB1E9D4}
	EndGlobalSection
EndGlobal
