
Microsoft Visual Studio Solution File, Format Version 12.00
# Visual Studio 15
VisualStudioVersion = 15.0.28010.2048
MinimumVisualStudioVersion = 10.0.40219.1
Project("{9A19103F-16F7-4668-BE54-9A1E7A4F7556}") = "SampleApp", "SampleApp.csproj", "{6085FAB0-D050-46F1-B811-FF55FCD532FD}"
EndProject
Global
	GlobalSection(SolutionConfigurationPlatforms) = preSolution
		Debug|Any CPU = Debug|Any CPU
		Release|Any CPU = Release|Any CPU
	EndGlobalSection
	GlobalSection(ProjectConfigurationPlatforms) = postSolution
		{6085FAB0-D050-46F1-B811-FF55FCD532FD}.Debug|Any CPU.ActiveCfg = Debug|Any CPU
		{6085FAB0-D050-46F1-B811-FF55FCD532FD}.Debug|Any CPU.Build.0 = Debug|Any CPU
		{6085FAB0-D050-46F1-B811-FF55FCD532FD}.Release|Any CPU.ActiveCfg = Release|Any CPU
		{6085FAB0-D050-46F1-B811-FF55FCD532FD}.Release|Any CPU.Build.0 = Release|Any CPU
	EndGlobalSection
	GlobalSection(SolutionProperties) = preSolution
		HideSolutionNode = FALSE
	EndGlobalSection
	GlobalSection(ExtensibilityGlobals) = postSolution
		SolutionGuid = {54490EC7-4D51-4E3D-A3A2-AD5969FC726C}
	EndGlobalSection
EndGlobal
